# This file is generated by running "yarn install" inside your project.
# Manual changes might be lost - proceed with caution!

__metadata:
  version: 4
  cacheKey: 7

"@documente/documente@npm:^1.0.0-beta.16":
  version: 1.0.0-beta.16
  resolution: "@documente/documente@npm:1.0.0-beta.16"
  dependencies:
    "@documente/phrase": ^1.0.0-beta.15
    chalk: ^5.3.0
    commander: ^11.1.0
    glob: ^10.3.10
    mustache: ^4.2.0
    yaml: ^2.3.4
  bin:
    documente: bin/index.js
  checksum: c96de9afaf77e8be0659448f30c772cc2bdfe8f6a507c87dcbaeb660787c31e8d3aeee08b94f85f1aeb32e8cabc74e6482d9ef7aa6baf2e8d2baa168b651ac45
  languageName: node
  linkType: hard

"@documente/minimal-example@workspace:.":
  version: 0.0.0-use.local
  resolution: "@documente/minimal-example@workspace:."
  dependencies:
    "@documente/documente": ^1.0.0-beta.16
    "@playwright/test": ^1.40.1
    "@types/node": ^20.10.7
  languageName: unknown
  linkType: soft

"@documente/phrase@npm:^1.0.0-beta.15":
  version: 1.0.0-beta.15
  resolution: "@documente/phrase@npm:1.0.0-beta.15"
  dependencies:
    yaml: ^2.3.4
  checksum: 0ffb9c99415289dcb99d4ffb9c1d3113ad837d407c1c7e45626a0a323067e2d6794c55949842b2c2cd27e5490db314c5a140a95d29979dfd0c5fdccfbc61558d
  languageName: node
  linkType: hard

"@isaacs/cliui@npm:^8.0.2":
  version: 8.0.2
  resolution: "@isaacs/cliui@npm:8.0.2"
  dependencies:
    string-width: ^5.1.2
    string-width-cjs: "npm:string-width@^4.2.0"
    strip-ansi: ^7.0.1
    strip-ansi-cjs: "npm:strip-ansi@^6.0.1"
    wrap-ansi: ^8.1.0
    wrap-ansi-cjs: "npm:wrap-ansi@^7.0.0"
  checksum: 1b9b20d02b477c6bfeb3239e5c7f143f31ae499d1c74eb1e151f86d82ba1ebfb229df6ece4e071cadf3392e31a7ad39ea7e0daf01a0ec637ecd2729266dca0e7
  languageName: node
  linkType: hard

"@npmcli/agent@npm:^2.0.0":
  version: 2.2.0
  resolution: "@npmcli/agent@npm:2.2.0"
  dependencies:
    agent-base: ^7.1.0
    http-proxy-agent: ^7.0.0
    https-proxy-agent: ^7.0.1
    lru-cache: ^10.0.1
    socks-proxy-agent: ^8.0.1
  checksum: 87d91ddf056d888d9b2559c0ad40dd10f80fdc9a953a843d545732bae1b93adce1021d7608a6b45a73793d7745e7bcef607c4b1d94fb07acc079df6ba6dc0717
  languageName: node
  linkType: hard

"@npmcli/fs@npm:^3.1.0":
  version: 3.1.0
  resolution: "@npmcli/fs@npm:3.1.0"
  dependencies:
    semver: ^7.3.5
  checksum: b96d3a91f6532ecc52258ea13db0132cf74179a183d5cdb047d34de0ffc30d16a9be3505fdc72fe6aaa170364d24fdf56fe5613ec19c33dac32542297941dad2
  languageName: node
  linkType: hard

"@pkgjs/parseargs@npm:^0.11.0":
  version: 0.11.0
  resolution: "@pkgjs/parseargs@npm:0.11.0"
  checksum: dfe6befa028bf30936d80ca8f398e7b121c8232305136f699cc954fd9a183d73043d9de4334e1b851424ab68a9070a1c8dab343a27cb643888925e219250a037
  languageName: node
  linkType: hard

"@playwright/test@npm:^1.40.1":
  version: 1.40.1
  resolution: "@playwright/test@npm:1.40.1"
  dependencies:
    playwright: 1.40.1
  bin:
    playwright: cli.js
  checksum: b4fa50ad7b1ace038e94aed400f49782598edfb0d5560c1ad742ab5fd81534596b6a79b5a395c49eac5600ed5922f68077cb0f81ac33fd2e764efd2a0cce47f9
  languageName: node
  linkType: hard

"@types/node@npm:^20.10.7":
  version: 20.10.7
  resolution: "@types/node@npm:20.10.7"
  dependencies:
    undici-types: ~5.26.4
  checksum: 462751159132d6198190be90d839e074bc2d6c2aa05b4c70a9026b82bc951ee0cdf1577c17718b6c8262ffa821622b760918a05b404605d39cdef64c590dbb38
  languageName: node
  linkType: hard

"abbrev@npm:^2.0.0":
  version: 2.0.0
  resolution: "abbrev@npm:2.0.0"
  checksum: a82907e52cdf281c5446c9f24dd4867790a9fb7fb62440a85110b4ff2d380272d63e845b660449844395b373a18e102246c57159dc382323a12c77842634450e
  languageName: node
  linkType: hard

"agent-base@npm:^7.0.2, agent-base@npm:^7.1.0":
  version: 7.1.0
  resolution: "agent-base@npm:7.1.0"
  dependencies:
    debug: ^4.3.4
  checksum: e80384a4b41797b3bb24d43ea87341f7cc76d5113635a255a6d3518242615f27675cfd5e4824a4d14c9b64c74602892d3ab186b1c42a7335b0a1d5dd6805917d
  languageName: node
  linkType: hard

"aggregate-error@npm:^3.0.0":
  version: 3.1.0
  resolution: "aggregate-error@npm:3.1.0"
  dependencies:
    clean-stack: ^2.0.0
    indent-string: ^4.0.0
  checksum: 704d2001a303c185e9b836d211f7eef2f4557195a11c3271143b4dcda5f6f263abe746d9b8a06b5871d07870686c7db9c0b2c38e2d3cbc593784eaaee8a29043
  languageName: node
  linkType: hard

"ansi-regex@npm:^5.0.1":
  version: 5.0.1
  resolution: "ansi-regex@npm:5.0.1"
  checksum: c944e1229f022a2071f7477ea425964328c577d2c752083fe564ea0513b6d733c9ec65102f6d4d2b54cba0cb2dc969648b60d567abeff13dc95ecc0b9b97737d
  languageName: node
  linkType: hard

"ansi-regex@npm:^6.0.1":
  version: 6.0.1
  resolution: "ansi-regex@npm:6.0.1"
  checksum: 5a4e4cd7092ce47ec4dd278c6da1f58bd2e7602920eddd635a2dc6f2cf4b84b4aadaeffa49b20489348756e1f93acd1c9d9337bcbf6c59fa37bfa8c57c1129ba
  languageName: node
  linkType: hard

"ansi-styles@npm:^4.0.0":
  version: 4.3.0
  resolution: "ansi-styles@npm:4.3.0"
  dependencies:
    color-convert: ^2.0.1
  checksum: ea02c0179f3dd089a161f5fdd7ccd89dd84f31d82b68869f1134bf5c5b9e1313dadd2ff9edb02b44f46243f285ef5b785f6cb61c84a293694221417c42934407
  languageName: node
  linkType: hard

"ansi-styles@npm:^6.1.0":
  version: 6.2.1
  resolution: "ansi-styles@npm:6.2.1"
  checksum: 285ec4b6dcee7482d47826ce5e7699ff5b8bd06ad75467cdcc9c326b2b47b6d61f00d875c62896ee89daa51150e987c6de6c236fa5ad82ad62f2857f690bdca4
  languageName: node
  linkType: hard

"balanced-match@npm:^1.0.0":
  version: 1.0.2
  resolution: "balanced-match@npm:1.0.2"
  checksum: 690643f3009a04289ac401079de5a780aae452f7625fb2884051cc847b231e6521ee15dd6430b066d3cf4bd8bb00bb7ff55b7d134f34b8f0b8c043806796f94e
  languageName: node
  linkType: hard

"brace-expansion@npm:^2.0.1":
  version: 2.0.1
  resolution: "brace-expansion@npm:2.0.1"
  dependencies:
    balanced-match: ^1.0.0
  checksum: c4997879681c552122f3c46859a8e90a1d082ed4431514099d5b981e75c6e9c76838de700f9b680326a16cfdc05306b384a581aacd00d0bfe2109c560b2ac008
  languageName: node
  linkType: hard

"cacache@npm:^18.0.0":
  version: 18.0.2
  resolution: "cacache@npm:18.0.2"
  dependencies:
    "@npmcli/fs": ^3.1.0
    fs-minipass: ^3.0.0
    glob: ^10.2.2
    lru-cache: ^10.0.1
    minipass: ^7.0.3
    minipass-collect: ^2.0.1
    minipass-flush: ^1.0.5
    minipass-pipeline: ^1.2.4
    p-map: ^4.0.0
    ssri: ^10.0.0
    tar: ^6.1.11
    unique-filename: ^3.0.0
  checksum: 14f87f2b5dd2229ced2fc8e088d3567e5edd35543fa985ffeeec6d544337897a8feccc5e768fec51b0e8ec2777ecdcc2da11d800e65c151a1e32d3272a003a48
  languageName: node
  linkType: hard

"chalk@npm:^5.3.0":
  version: 5.3.0
  resolution: "chalk@npm:5.3.0"
  checksum: baff1d8e713a89602251369198b62be3e526e27346a96ae91e3fcf9cc19634910660b929985cf4df5cd3a63f273ccf30a80df0b1c2a4ddaaa5188ec315407595
  languageName: node
  linkType: hard

"chownr@npm:^2.0.0":
  version: 2.0.0
  resolution: "chownr@npm:2.0.0"
  checksum: b06ba0bf4218bc2214cdb94a7d0200db5c6425f9425795c064dcf5a3801aac8ae87f764727890cd1f48c026559159e7e0e15ed3d1940ce453dec54898d013379
  languageName: node
  linkType: hard

"clean-stack@npm:^2.0.0":
  version: 2.2.0
  resolution: "clean-stack@npm:2.2.0"
  checksum: e291ce2b8c8c59e6449ac9a7a726090264bea6696e5343b21385e16d279c808ca09d73a1abea8fd23a9b7699e6ef5ce582df203511f71c8c27666bf3b2e300c5
  languageName: node
  linkType: hard

"color-convert@npm:^2.0.1":
  version: 2.0.1
  resolution: "color-convert@npm:2.0.1"
  dependencies:
    color-name: ~1.1.4
  checksum: 3d5d8a011a43012ca11b6d739049ecf2055d95582fd16ec44bf1e685eb0baa5cc652002be8a1dc92b429c8d87418287d0528266a7595cb1ad8a7f4f1d3049df2
  languageName: node
  linkType: hard

"color-name@npm:~1.1.4":
  version: 1.1.4
  resolution: "color-name@npm:1.1.4"
  checksum: 3e1c9a4dee12eada307436f61614dd11fe300469db2b83f80c8b7a7cd8a1015f0f18dd13403f018927b249003777ff60baba4a03c65f12e6bddc0dfd9642021f
  languageName: node
  linkType: hard

"commander@npm:^11.1.0":
  version: 11.1.0
  resolution: "commander@npm:11.1.0"
  checksum: 569e18342ef8f635f291012c49db2bb50a07dbd12ed85cd1122d2963c2366a9cfcf13a010eefc7c7b5e1d42182d350709bcf2dad01b96d3b9a50202f1c4f996e
  languageName: node
  linkType: hard

"cross-spawn@npm:^7.0.0":
  version: 7.0.3
  resolution: "cross-spawn@npm:7.0.3"
  dependencies:
    path-key: ^3.1.0
    shebang-command: ^2.0.0
    which: ^2.0.1
  checksum: 51f10036f5f1de781be98f4738d58b50c6d44f4f471069b8ab075b21605893ba1548654880f7310a29a732d6fc7cd481da6026169b9f0831cab0148a62fb397a
  languageName: node
  linkType: hard

"debug@npm:4, debug@npm:^4.3.4":
  version: 4.3.4
  resolution: "debug@npm:4.3.4"
  dependencies:
    ms: 2.1.2
  peerDependenciesMeta:
    supports-color:
      optional: true
  checksum: 7d71c93be25ed05e85840ec12df1a6d1848adbf8bc66948017ad4120fed17d7889e305adec560c18d70710e6de0c55548fbed170f4355045bbbbbd2afd1532a2
  languageName: node
  linkType: hard

"eastasianwidth@npm:^0.2.0":
  version: 0.2.0
  resolution: "eastasianwidth@npm:0.2.0"
  checksum: 436391b865bec7cfdea39615241f36773dcf7fb804e1abd623d57c549d54ee1cb3bea0b1e9c1ae588722d6f9e14cff0de8af343fa650d69402657f09f0531c4a
  languageName: node
  linkType: hard

"emoji-regex@npm:^8.0.0":
  version: 8.0.0
  resolution: "emoji-regex@npm:8.0.0"
  checksum: 87cf3f89efb8ba028075b3dc1713e2c5609af94cbc129b1f00c3113d01dbe4bf85c9d971e75a98bf8a8508131727682ce929e4bd70e9022af4fd47d75e9507de
  languageName: node
  linkType: hard

"emoji-regex@npm:^9.2.2":
  version: 9.2.2
  resolution: "emoji-regex@npm:9.2.2"
  checksum: f3029ec432745ecb7cf5dcea1bc9ad3d70714ef20fcae1dc87a422d3be68913c42ed3adbb86765e7aa6c723c3bcd5833b5f4e22ed06d5e5cb74e0f628d4fc95b
  languageName: node
  linkType: hard

"encoding@npm:^0.1.13":
  version: 0.1.13
  resolution: "encoding@npm:0.1.13"
  dependencies:
    iconv-lite: ^0.6.2
  checksum: 282d5696a4916383b0f71a87375505e33ef0be0c3a30939fb559a878b691873d48acc61ee6dcbfacf3e68404ab4462e081bcfd0aa3c9a3f1fabb900306aad77d
  languageName: node
  linkType: hard

"env-paths@npm:^2.2.0":
  version: 2.2.1
  resolution: "env-paths@npm:2.2.1"
  checksum: 9579868bc73526de31682625d89aa08c83f3c87850218f9251f953bf4242428a1020e75cb201ca16b42f2874c3ca175ffc8aa47a88423b546711b7dbf86f79a8
  languageName: node
  linkType: hard

"err-code@npm:^2.0.2":
  version: 2.0.3
  resolution: "err-code@npm:2.0.3"
  checksum: 14e09e9990bcd0dd8e91881bf6e0ac6177b9cd72404951e443e8052f6272f276dbe1f3a34c7802fd6dee5276b34134b091665e18cebc9e1ce0a4519561f16c44
  languageName: node
  linkType: hard

"exponential-backoff@npm:^3.1.1":
  version: 3.1.1
  resolution: "exponential-backoff@npm:3.1.1"
  checksum: 369725ac55d5aea65c320fe8d6bd76806968d3afb9acaf3faaa393ef1993631567d657a09c020f4e4ff28b44ca65739a38bee312c7153e4d39679caebb6841b0
  languageName: node
  linkType: hard

"foreground-child@npm:^3.1.0":
  version: 3.1.1
  resolution: "foreground-child@npm:3.1.1"
  dependencies:
    cross-spawn: ^7.0.0
    signal-exit: ^4.0.1
  checksum: 8b7a1db35a388efa5c7b56103a2b37c296fd38e9ae9dc4e64056904c3804df01ec2770bb4539acce31f5ef672533048d80d874747fe19e822b34f92e06a7e3be
  languageName: node
  linkType: hard

"fs-minipass@npm:^2.0.0":
  version: 2.1.0
  resolution: "fs-minipass@npm:2.1.0"
  dependencies:
    minipass: ^3.0.0
  checksum: e14a490658621cf1f7d8cbf9e92a9cc4dc7ce050418e4817e877e4531c438223db79f7a1774668087428d665a3de95f87014ce36c8afdc841fea42bcb782abcb
  languageName: node
  linkType: hard

"fs-minipass@npm:^3.0.0":
  version: 3.0.3
  resolution: "fs-minipass@npm:3.0.3"
  dependencies:
    minipass: ^7.0.3
  checksum: 28f0078906382ce3e2672152b7001c7d59aedf99e1e6d29ba740daa4f0a17d31193abcd4dc5b132d627f461ddf3039839aea3c1bb90fe807add17059bba8ac7d
  languageName: node
  linkType: hard

fsevents@2.3.2:
  version: 2.3.2
  resolution: "fsevents@npm:2.3.2"
  dependencies:
    node-gyp: latest
  checksum: a1883f4ca12b8b403ec528f1a4cb312b0877eacd24719da535cabea78d6fdd78530e3538bdba590a1c0f6c295128f964a89182621885296353a44dcfa4f9db53
  languageName: node
  linkType: hard

"fsevents@patch:fsevents@2.3.2#builtin<compat/fsevents>":
  version: 2.3.2
  resolution: "fsevents@patch:fsevents@npm%3A2.3.2#builtin<compat/fsevents>::version=2.3.2&hash=11e9ea"
  dependencies:
    node-gyp: latest
  checksum: 7b25d9251aefe433d508a0eb614217f0495ae05a9e8af15f7dbf9998e08c4e675acd1cf32361e0fcf71d917d9e8c4b76301fdc72a1ec1105a3ea0994f5e15a8d
  languageName: node
  linkType: hard

"glob@npm:^10.2.2, glob@npm:^10.3.10":
  version: 10.3.10
  resolution: "glob@npm:10.3.10"
  dependencies:
    foreground-child: ^3.1.0
    jackspeak: ^2.3.5
    minimatch: ^9.0.1
    minipass: ^5.0.0 || ^6.0.2 || ^7.0.0
    path-scurry: ^1.10.1
  bin:
    glob: dist/esm/bin.mjs
  checksum: 07706025e09965829d6f7062af0b42ed73b04d00e4a67bb4fb2ca01ac915e0cbe3ef26901682eb7d56f9c6b239f0bab4e8d7c1bb832bae7ed88d7a130a8983d7
  languageName: node
  linkType: hard

"graceful-fs@npm:^4.2.6":
  version: 4.2.11
  resolution: "graceful-fs@npm:4.2.11"
  checksum: 99533f7c73bafc139bfc435a628272226cb46dc2b9b3dba7395dcb6c19936db28961ad9fcd648f407c32f91998fb2102a2df4dd13951a9699c5c28e2145713a9
  languageName: node
  linkType: hard

"http-cache-semantics@npm:^4.1.1":
  version: 4.1.1
  resolution: "http-cache-semantics@npm:4.1.1"
  checksum: ea193328de177fedad7790cbe2217d81bf013a24d021331e826ddda0de347dc94f2adfb383e9b92d4e5889baa76f356d78ea5b0b8843668b8a788540946b9faa
  languageName: node
  linkType: hard

"http-proxy-agent@npm:^7.0.0":
  version: 7.0.0
  resolution: "http-proxy-agent@npm:7.0.0"
  dependencies:
    agent-base: ^7.1.0
    debug: ^4.3.4
  checksum: bc12e49a3bb5d34fc2f9891f85646bd1043829fdee0788e3c16bd1072997f672d32bfb7ae3a157ace6aa4821cc797a96401dff9d1633474774c58b142b348e77
  languageName: node
  linkType: hard

"https-proxy-agent@npm:^7.0.1":
  version: 7.0.2
  resolution: "https-proxy-agent@npm:7.0.2"
  dependencies:
    agent-base: ^7.0.2
    debug: 4
  checksum: 607c61a4c93274f541e2000fe2e00c30f32d9cef042696ae2a2745075a6d48e3433428b74f1cec141c1e5131cb06c9e2f3c6603ef774fff11e3139f0bf319403
  languageName: node
  linkType: hard

"iconv-lite@npm:^0.6.2":
  version: 0.6.3
  resolution: "iconv-lite@npm:0.6.3"
  dependencies:
    safer-buffer: ">= 2.1.2 < 3.0.0"
  checksum: 9b4f24db662b717340ae20ec9ebbaf0648b378a2d0fc64aef83c6bccdd9918b622216c020e177ddf2d02eeff8456a732e85b6d989eb2cd3a40519f3e179b273c
  languageName: node
  linkType: hard

"imurmurhash@npm:^0.1.4":
  version: 0.1.4
  resolution: "imurmurhash@npm:0.1.4"
  checksum: 34d414d789286f6ef4d2b954c76c7df40dd7cabffef9b9959c8bd148677e98151f4fa5344aae2e3ad2b62308555ccbba3022e535a3e24288c9babb1308e35532
  languageName: node
  linkType: hard

"indent-string@npm:^4.0.0":
  version: 4.0.0
  resolution: "indent-string@npm:4.0.0"
  checksum: 3e54996c6e15ca00a7a4403be705bce4fb3bb4ac637da2e1473006e42a651863f53bfb8c3438c1b3aac77817768ac0cde0e7b7a81a6cf24a1286227a06510dbf
  languageName: node
  linkType: hard

"ip@npm:^2.0.0":
  version: 2.0.0
  resolution: "ip@npm:2.0.0"
  checksum: 046f0487ffc7bede7e7dbcee04634e5607f41d93f3d7146f17da7e0abe04e66968b18ee8e2f7dc9d067aaf2f642e6eeb3b01e90c28e7a89b2f043a4cb235aad9
  languageName: node
  linkType: hard

"is-fullwidth-code-point@npm:^3.0.0":
  version: 3.0.0
  resolution: "is-fullwidth-code-point@npm:3.0.0"
  checksum: a01a19ecac34386ae3a4e801c5639d6e31082d1ddc418e7cd96317fef3c8b24ec8531558e9d3d35b33551ab9c5cf20bf2cdefa583927b7ff60c27c8d7c216063
  languageName: node
  linkType: hard

"is-lambda@npm:^1.0.1":
  version: 1.0.1
  resolution: "is-lambda@npm:1.0.1"
  checksum: 669ea37e8fafa800d076e7e7c64eadc9fd2a0607a3bc67e602d37092f2fec91c29929cdeec94e694607a88a2e0bdc7f8e122a9819dacadf05a9c5767c9672eb7
  languageName: node
  linkType: hard

"isexe@npm:^2.0.0":
  version: 2.0.0
  resolution: "isexe@npm:2.0.0"
  checksum: 7b437980bb77881a146fba85cfbdf01edc2b148673e9c2722a1e49661fea73adf524430a80fdbfb8ce9f60d43224e682c657c45030482bd39e0c488fc29b4afe
  languageName: node
  linkType: hard

"isexe@npm:^3.1.1":
  version: 3.1.1
  resolution: "isexe@npm:3.1.1"
  checksum: 9220579164e256e2b1337a33fdb163a10483e64b595523f4ec9f79898337dff5c9fb8ee8c6fd73e9ac1af75b2c020d00cf96a7ab1cc99d46ac33fd32a99f3d0d
  languageName: node
  linkType: hard

"jackspeak@npm:^2.3.5":
  version: 2.3.6
  resolution: "jackspeak@npm:2.3.6"
  dependencies:
    "@isaacs/cliui": ^8.0.2
    "@pkgjs/parseargs": ^0.11.0
  dependenciesMeta:
    "@pkgjs/parseargs":
      optional: true
  checksum: 4e1113feef8fee45751b84dd506686b4d32edc027ea3e28bc26662e16924aa7c0c6939d89f4b1930040e2ee4f1aa3695c4f9b0346bba33ead93328cbab7808f2
  languageName: node
  linkType: hard

"lru-cache@npm:^10.0.1, lru-cache@npm:^9.1.1 || ^10.0.0":
  version: 10.1.0
  resolution: "lru-cache@npm:10.1.0"
  checksum: bd2a3065fd12720238688b9987b6f785d40fa9f90650043fef36546193439349b2447f5f537e88334294125d9604080d2abfec229ec1413dcf8e73a728dbe2dd
  languageName: node
  linkType: hard

"lru-cache@npm:^6.0.0":
  version: 6.0.0
  resolution: "lru-cache@npm:6.0.0"
  dependencies:
    yallist: ^4.0.0
  checksum: b8b78353d2391c0f135cdc245c4744ad41c2efb1a6d98f31bc57a2cf48ebf02de96e4876657c3026673576bf1f1f61fc3fdd77ab00ad1ead737537bf17d8019d
  languageName: node
  linkType: hard

"make-fetch-happen@npm:^13.0.0":
  version: 13.0.0
  resolution: "make-fetch-happen@npm:13.0.0"
  dependencies:
    "@npmcli/agent": ^2.0.0
    cacache: ^18.0.0
    http-cache-semantics: ^4.1.1
    is-lambda: ^1.0.1
    minipass: ^7.0.2
    minipass-fetch: ^3.0.0
    minipass-flush: ^1.0.5
    minipass-pipeline: ^1.2.4
    negotiator: ^0.6.3
    promise-retry: ^2.0.1
    ssri: ^10.0.0
  checksum: 08ed8f64648ab890a8f9e858f2aac5c9183dcc52c1c30c98073e2c6e3401fa95e5010652fac3725250e9e40a0e223b3969190a1c56b982bb46148ecb67fbd34c
  languageName: node
  linkType: hard

"minimatch@npm:^9.0.1":
  version: 9.0.3
  resolution: "minimatch@npm:9.0.3"
  dependencies:
    brace-expansion: ^2.0.1
  checksum: fb6dc6e08f9cb02b5d79f763dc8e58ceb7689ffc35c46a695c6358e563f0eb720d76d851a52a313e7484d2e04066ae5d2fdd68f2686ed91eb1ba8bac89e9b10b
  languageName: node
  linkType: hard

"minipass-collect@npm:^2.0.1":
  version: 2.0.1
  resolution: "minipass-collect@npm:2.0.1"
  dependencies:
    minipass: ^7.0.3
  checksum: 77b57093dfb95ab76c7826277efaca742f8d531765d9f1031a322e5b1d29ae805e1b03d6edb15524dda6d7517d95beb86416ee7a681f96e9219eb1d03662bfda
  languageName: node
  linkType: hard

"minipass-fetch@npm:^3.0.0":
  version: 3.0.4
  resolution: "minipass-fetch@npm:3.0.4"
  dependencies:
    encoding: ^0.1.13
    minipass: ^7.0.3
    minipass-sized: ^1.0.3
    minizlib: ^2.1.2
  dependenciesMeta:
    encoding:
      optional: true
  checksum: 920b4b454a76f81f6fc48259fb676df28dd914c043d2c8e37418fc35c4fd3be3aa80d027703b4a5f49ce258bceb3eed2702a0cfe1a234ea00d64528f2c9c3687
  languageName: node
  linkType: hard

"minipass-flush@npm:^1.0.5":
  version: 1.0.5
  resolution: "minipass-flush@npm:1.0.5"
  dependencies:
    minipass: ^3.0.0
  checksum: d354ca0da834e3e79a1f0372d1cb86ba043a96b495624ed6360f7cd1f549e5685d9b292d4193a963497efcf4a4db8563e188cda565b119b8acc00852259e286c
  languageName: node
  linkType: hard

"minipass-pipeline@npm:^1.2.4":
  version: 1.2.4
  resolution: "minipass-pipeline@npm:1.2.4"
  dependencies:
    minipass: ^3.0.0
  checksum: 001d5a4a0c14816230984e684e8458d972b92dae52255f17fbc2dae74965f544c3c64f93146c218413004e72acec7f57d0f6ee10a49377ad715cf7d389af710c
  languageName: node
  linkType: hard

"minipass-sized@npm:^1.0.3":
  version: 1.0.3
  resolution: "minipass-sized@npm:1.0.3"
  dependencies:
    minipass: ^3.0.0
  checksum: 747cb22e8a65dc84b819f8cdea4398ac30a3105d47f1db654ecd0b4c8124afddc58cbbd1166905d5279d89708692c0326689538b9795468e28bd330113e0d3c0
  languageName: node
  linkType: hard

"minipass@npm:^3.0.0":
  version: 3.3.6
  resolution: "minipass@npm:3.3.6"
  dependencies:
    yallist: ^4.0.0
  checksum: 3cc3a75860a22878521a99004655b85b31139919e163828b2523727b1e2a664725e45e3b6eba55108f4803ed0b15ed2a5e1ef85b649c37619dedc031e96efa4b
  languageName: node
  linkType: hard

"minipass@npm:^5.0.0":
  version: 5.0.0
  resolution: "minipass@npm:5.0.0"
  checksum: f9d89ca51697f6abe8e1c15777571fffd7a5be318d3f3615b05056916112477d8de3fff1f9c7d4aea1e0465198a9fa283576643a43053c32ed0d2f6942be20de
  languageName: node
  linkType: hard

"minipass@npm:^5.0.0 || ^6.0.2 || ^7.0.0, minipass@npm:^7.0.2, minipass@npm:^7.0.3":
  version: 7.0.4
  resolution: "minipass@npm:7.0.4"
  checksum: 27e70072351632900c47f500390c28130023073c7c4ea0fffc1fb51a92f4b7829a029067e4f60e7bcb952817b32883ecb3acb40962ace948063921cd7603d4a6
  languageName: node
  linkType: hard

"minizlib@npm:^2.1.1, minizlib@npm:^2.1.2":
  version: 2.1.2
  resolution: "minizlib@npm:2.1.2"
  dependencies:
    minipass: ^3.0.0
    yallist: ^4.0.0
  checksum: 5a45b57b3467e5a743d87a96d7be57598a6f72eb3b7eeac237074c566bd04278766ae03bb523c32f34581c565a19e74e54ec90c6ce0630a540787c755b4c4b4e
  languageName: node
  linkType: hard

"mkdirp@npm:^1.0.3":
  version: 1.0.4
  resolution: "mkdirp@npm:1.0.4"
  bin:
    mkdirp: bin/cmd.js
  checksum: 1aa3a6a2d7514f094a91329ec09994f5d32d2955a4985ecbb3d86f2aaeafc4aa11521f98d606144c1d49cd9835004d9a73342709b8c692c92e59eacf37412468
  languageName: node
  linkType: hard

"ms@npm:2.1.2":
  version: 2.1.2
  resolution: "ms@npm:2.1.2"
  checksum: 9b65fb709bc30c0c07289dcbdb61ca032acbb9ea5698b55fa62e2cebb04c5953f1876a1f3f7f4bc2e91d4bf4d86003f3e207c3bc6ee2f716f99827e62389cd0e
  languageName: node
  linkType: hard

"mustache@npm:^4.2.0":
  version: 4.2.0
  resolution: "mustache@npm:4.2.0"
  bin:
    mustache: bin/mustache
  checksum: 55540771ed2ca0a72d44c747bd57531ca70fd54c4b420eee580ef5ea021101359e679fbadf40f467e69be2b9086fa6a7be8613e91261fa072d5e321f66eaa748
  languageName: node
  linkType: hard

"negotiator@npm:^0.6.3":
  version: 0.6.3
  resolution: "negotiator@npm:0.6.3"
  checksum: 5899e1bf5cc2a599b51473af93871b130a7418cc9a32eb0c1d4ab31b14dbd764117183467ba41d5ae8081da6072f496c053a45052107e8e056c26ac2fefd12ed
  languageName: node
  linkType: hard

"node-gyp@npm:latest":
  version: 10.0.1
  resolution: "node-gyp@npm:10.0.1"
  dependencies:
    env-paths: ^2.2.0
    exponential-backoff: ^3.1.1
    glob: ^10.3.10
    graceful-fs: ^4.2.6
    make-fetch-happen: ^13.0.0
    nopt: ^7.0.0
    proc-log: ^3.0.0
    semver: ^7.3.5
    tar: ^6.1.2
    which: ^4.0.0
  bin:
    node-gyp: bin/node-gyp.js
  checksum: 7b92a3c50c9aa38be4664fec6837f7351feb692dd43fe7903267cc8476a84f9f4085779c2d356a2392f6534630c92eecab5388c0d95ac2c9c9cacf907a2cc65c
  languageName: node
  linkType: hard

"nopt@npm:^7.0.0":
  version: 7.2.0
  resolution: "nopt@npm:7.2.0"
  dependencies:
    abbrev: ^2.0.0
  bin:
    nopt: bin/nopt.js
  checksum: 1ee27d90ba715b06a2c79f54f4524ba968c7ffb491c1e6e7c2e1e1252e20bf14e7fb3c0419580ed8d83276b3ea540f2af36d3d152e0e72175740e22956335a28
  languageName: node
  linkType: hard

"p-map@npm:^4.0.0":
  version: 4.0.0
  resolution: "p-map@npm:4.0.0"
  dependencies:
    aggregate-error: ^3.0.0
  checksum: d51e630d72b7c38bc9e396710e7a068f0b813fe4db6f4a2d1ce2972e7fa11142c763c3aa39bcfd77c0133688c1ebfdd9b38fa3ac4c6ada20b62df26239c5c0e4
  languageName: node
  linkType: hard

"path-key@npm:^3.1.0":
  version: 3.1.1
  resolution: "path-key@npm:3.1.1"
  checksum: e44aa3ca9faed0440994883050143b1214fffb907bf3a7bbdba15dc84f60821617c0d84e4cc74e1d84e9274003da50427f54d739b0b47636bcbaff4ec71b9b86
  languageName: node
  linkType: hard

"path-scurry@npm:^1.10.1":
  version: 1.10.1
  resolution: "path-scurry@npm:1.10.1"
  dependencies:
    lru-cache: ^9.1.1 || ^10.0.0
    minipass: ^5.0.0 || ^6.0.2 || ^7.0.0
  checksum: 7a2ca28cdac3a36d4dc18aeb7300b313cc04861107be5451bee1fb3f3a112271f359aaff1fb483e1c0354cf166e424f8412a897261a0ead5bc7aef9e2382725c
  languageName: node
  linkType: hard

"playwright-core@npm:1.40.1":
  version: 1.40.1
  resolution: "playwright-core@npm:1.40.1"
  bin:
    playwright-core: cli.js
  checksum: b8c1ab51c9a89d11668eb51ac1ff51bf2756969fa84ec6a8ce2c23d3bce51730464281d962159b24bef272108b425e89576352a90725d60b42555cf9c885962a
  languageName: node
  linkType: hard

"playwright@npm:1.40.1":
  version: 1.40.1
  resolution: "playwright@npm:1.40.1"
  dependencies:
    fsevents: 2.3.2
    playwright-core: 1.40.1
  dependenciesMeta:
    fsevents:
      optional: true
  bin:
    playwright: cli.js
  checksum: dee466c30f3d37905dcdc5047f21a41e3c0ea7fa7e4ec6c736bd68b38c365c84f4846d9fffb48a56f1a2cc4f57d4365cd331655f325c78208626f724eca70679
  languageName: node
  linkType: hard

"proc-log@npm:^3.0.0":
  version: 3.0.0
  resolution: "proc-log@npm:3.0.0"
  checksum: f1e721cbbb005198089dda9038112fcf93fb5079564676289d8cb90eeb41763ccec0145f68e21bc478bc1baed4f64af7c862ad148cd9e6275f6d22bb552fe74c
  languageName: node
  linkType: hard

"promise-retry@npm:^2.0.1":
  version: 2.0.1
  resolution: "promise-retry@npm:2.0.1"
  dependencies:
    err-code: ^2.0.2
    retry: ^0.12.0
  checksum: 325e99d059fc624129c020507047a9aeadb988d03fd2165829af7c43af9c6d0510f2ccddb68efa0bac607d4c43591b3af8b1207db132986bfa458f78549ea4f1
  languageName: node
  linkType: hard

"retry@npm:^0.12.0":
  version: 0.12.0
  resolution: "retry@npm:0.12.0"
  checksum: 51f2fddddb2f157a0738c53c515682813a881df566da36992f3cf0a975ea84a19434c5abbc682056e97351540bcc7ea38fce2622d0b191c3b5cc1020b71ea0f2
  languageName: node
  linkType: hard

"safer-buffer@npm:>= 2.1.2 < 3.0.0":
  version: 2.1.2
  resolution: "safer-buffer@npm:2.1.2"
  checksum: 549ba83f5b314b59898efe3422120ce1ca7987a6eae5925a5fa5db930dc414d4a9dde0a5594f89638cd6ea60b6840ea961872908933ac2428d1726489db46fa5
  languageName: node
  linkType: hard

"semver@npm:^7.3.5":
  version: 7.5.4
  resolution: "semver@npm:7.5.4"
  dependencies:
    lru-cache: ^6.0.0
  bin:
    semver: bin/semver.js
  checksum: 9bc02fd8e2b3c9e5dea66f0d733a3c801c67f3c7f0190efa03112a7b516e39845456ae107214d7972c4be9c67bbc50c0f27bbaf49a79a0234de83717cdaf2058
  languageName: node
  linkType: hard

"shebang-command@npm:^2.0.0":
  version: 2.0.0
  resolution: "shebang-command@npm:2.0.0"
  dependencies:
    shebang-regex: ^3.0.0
  checksum: 85aa394d8cedeedf2e03524d6defef67a2b07d3a17d7ee50d4281d62d3fca898f26ebe7aa7bf674d51b80f197aa1d346bc1a10e8efb04377b534f4322c621012
  languageName: node
  linkType: hard

"shebang-regex@npm:^3.0.0":
  version: 3.0.0
  resolution: "shebang-regex@npm:3.0.0"
  checksum: ea18044ffaf18129ced5a246660a9171a7dff98999aaa9de8abb237d8a7711d8a1f76e16881399994ee429156717ce1c6a50c665bb18a4d55a7f80b9125b1f7d
  languageName: node
  linkType: hard

"signal-exit@npm:^4.0.1":
  version: 4.1.0
  resolution: "signal-exit@npm:4.1.0"
  checksum: a9175b069799538f7c4a176175e7a99db8efd1dc46d1bb5cb6143aa50f3dfe424a8adcbe602826ece6d823e825ae409b909bec838fb99c8d6a5d5255b88a3186
  languageName: node
  linkType: hard

"smart-buffer@npm:^4.2.0":
  version: 4.2.0
  resolution: "smart-buffer@npm:4.2.0"
  checksum: 644e012e31a8e17334df717cd2337ad5339139c3f9354c1e52dbafe93e5cd19f89129a831833ad54002bd5872873ec9affcdfbc81ee41a0513ad39a0c9b6dad1
  languageName: node
  linkType: hard

"socks-proxy-agent@npm:^8.0.1":
  version: 8.0.2
  resolution: "socks-proxy-agent@npm:8.0.2"
  dependencies:
    agent-base: ^7.0.2
    debug: ^4.3.4
    socks: ^2.7.1
  checksum: 3ff2970563ad826fb4810ac3e21145951933650a9d3d1403323d7c3782111fc468861a3795ccc3bd228811b057e2bff8f8063934d1a89e3dc183f2c9bb8cd07f
  languageName: node
  linkType: hard

"socks@npm:^2.7.1":
  version: 2.7.1
  resolution: "socks@npm:2.7.1"
  dependencies:
    ip: ^2.0.0
    smart-buffer: ^4.2.0
  checksum: 412b254d3253df7d93adecc051befc518f930bd75850815009c21392e8dd1a4e0c57863655e799837d330c24ca5e4bd96cd070b148d35e82ef358db45f0b25f6
  languageName: node
  linkType: hard

"ssri@npm:^10.0.0":
  version: 10.0.5
  resolution: "ssri@npm:10.0.5"
  dependencies:
    minipass: ^7.0.3
  checksum: 3d1f6a4aa5cb9133753a503fd3350aefa43b66f8dbb543a1c5a3096b949d923b80cbfca1fe81a3b3a55690e3221440e908a9ed86de745ab395c0aecaa3168ae9
  languageName: node
  linkType: hard

"string-width-cjs@npm:string-width@^4.2.0, string-width@npm:^4.1.0":
  version: 4.2.3
  resolution: "string-width@npm:4.2.3"
  dependencies:
    emoji-regex: ^8.0.0
    is-fullwidth-code-point: ^3.0.0
    strip-ansi: ^6.0.1
  checksum: 748c97988904505fc6af52ccdf6f354445c714c38d067f22e0cdc6a3ad3d9c5ea29582ef9a6277dc7a813775bb48390ea064b488913239d58601b6d1fcb725b4
  languageName: node
  linkType: hard

"string-width@npm:^5.0.1, string-width@npm:^5.1.2":
  version: 5.1.2
  resolution: "string-width@npm:5.1.2"
  dependencies:
    eastasianwidth: ^0.2.0
    emoji-regex: ^9.2.2
    strip-ansi: ^7.0.1
  checksum: 4da7e3d5d66fbc4eb20f5d40a28c8b2e88e32587327e4c98e63b1664a5306a00ffef78070c4a548ba744bf3a874af5bf66838e73912064664f19ad9be006a310
  languageName: node
  linkType: hard

"strip-ansi-cjs@npm:strip-ansi@^6.0.1, strip-ansi@npm:^6.0.0, strip-ansi@npm:^6.0.1":
  version: 6.0.1
  resolution: "strip-ansi@npm:6.0.1"
  dependencies:
    ansi-regex: ^5.0.1
  checksum: 9d3061240b03abe5beaf403893464fdc924f43664debe822d5e9146b56c1398b88003f8afdb97eb0cea955c568f6bbfa4923d2b2a08a3a079fd09ee3b5402efb
  languageName: node
  linkType: hard

"strip-ansi@npm:^7.0.1":
  version: 7.1.0
  resolution: "strip-ansi@npm:7.1.0"
  dependencies:
    ansi-regex: ^6.0.1
  checksum: 23e0a12a073da3750237e17388a88af9a2b091e9447752a8bd2a0986a34122301459961a9dfffca5b6826309bd637bcb6ad67506623342f71c125e5bf5b5a6d9
  languageName: node
  linkType: hard

"tar@npm:^6.1.11, tar@npm:^6.1.2":
  version: 6.2.0
  resolution: "tar@npm:6.2.0"
  dependencies:
    chownr: ^2.0.0
    fs-minipass: ^2.0.0
    minipass: ^5.0.0
    minizlib: ^2.1.1
    mkdirp: ^1.0.3
    yallist: ^4.0.0
  checksum: 5f68e53e315777dedd7357e8df7958a1f6f5ba86c0bb5e1e97c18807ffc636489f86c44049bb39988726ef895bb936e8a2f92cf710a7782bdc750e7e3d297f69
  languageName: node
  linkType: hard

"undici-types@npm:~5.26.4":
  version: 5.26.5
  resolution: "undici-types@npm:5.26.5"
  checksum: 55e14a010998c7e70681ac5533974dec80d8ae780cfbf7f99489abc28e764b051f94f94bff1ecf20a3df93590569e30e3b9cdafd54cebb78768f6a9a9577e2ee
  languageName: node
  linkType: hard

"unique-filename@npm:^3.0.0":
  version: 3.0.0
  resolution: "unique-filename@npm:3.0.0"
  dependencies:
    unique-slug: ^4.0.0
  checksum: 9310efd64c97f4ac7fe18c840cb989c132560db1624eafda1ffe07d4d65511402e0538c488182e101f69989fd190ab951ddcc5655205aa0689f1d3a7efd9b8c4
  languageName: node
  linkType: hard

"unique-slug@npm:^4.0.0":
  version: 4.0.0
  resolution: "unique-slug@npm:4.0.0"
  dependencies:
    imurmurhash: ^0.1.4
  checksum: aabf6e1d22c2734971704b0b0bf0bfb21a4478115eebc2fe78713461880741f58cfd25ab94bf5634d35acd7fb2af8324e4f4867ba653c04c0679718b5b26f9ac
  languageName: node
  linkType: hard

"which@npm:^2.0.1":
  version: 2.0.2
  resolution: "which@npm:2.0.2"
  dependencies:
    isexe: ^2.0.0
  bin:
    node-which: ./bin/node-which
  checksum: ea9b1db1266b08f7880717cf70dd9012dd523e5a317f10fbe4d5e8c1a761c5fd237f88642f2ba33b23f973ff4002c9b26648d63084ab208d8ecef36497315f6e
  languageName: node
  linkType: hard

"which@npm:^4.0.0":
  version: 4.0.0
  resolution: "which@npm:4.0.0"
  dependencies:
    isexe: ^3.1.1
  bin:
    node-which: bin/which.js
  checksum: 143a8b3d744afed10a7ed98d4b9dd8db033ef3fbf363ee73b44e50aae2a3c894e05c9538ccfa6e7ed25bd7635c1b08b3adfe1e379f12b19520d88c79866d4c68
  languageName: node
  linkType: hard

"wrap-ansi-cjs@npm:wrap-ansi@^7.0.0":
  version: 7.0.0
  resolution: "wrap-ansi@npm:7.0.0"
  dependencies:
    ansi-styles: ^4.0.0
    string-width: ^4.1.0
    strip-ansi: ^6.0.0
  checksum: 09939dd775ae565bb99a25a6c072fe3775a95fa71751b5533c94265fe986ba3e3ab071a027ab76cf26876bd9afd10ac3c2d06d7c4bcce148bf7d2d9514e3a0df
  languageName: node
  linkType: hard

"wrap-ansi@npm:^8.1.0":
  version: 8.1.0
  resolution: "wrap-ansi@npm:8.1.0"
  dependencies:
    ansi-styles: ^6.1.0
    string-width: ^5.0.1
    strip-ansi: ^7.0.1
  checksum: f75c2443bdcb8d4301165839ca904ccc5c4e6810d7791c7968096bc85153b3229be6b8a0b95fac18fad509eaddf39b5f9c4929486d3a97560d0a16eba394ef79
  languageName: node
  linkType: hard

"yallist@npm:^4.0.0":
  version: 4.0.0
  resolution: "yallist@npm:4.0.0"
  checksum: a2960ef879af6ee67a76cae29bac9d8bffeb6e9e366c217dbd21464e7fce071933705544724f47e90ba5209cf9c83c17d5582dd04415d86747a826b2a231efb8
  languageName: node
  linkType: hard

"yaml@npm:^2.3.4":
  version: 2.3.4
  resolution: "yaml@npm:2.3.4"
  checksum: c5f378790e172f8951d94c9076e16c3e678e2d3e93db6726fd6312b4e8c039fd02ed29ba3961fc634ceea6ddfe71d0bb75c6d16bdded02b50d91ee75d1df72ce
  languageName: node
  linkType: hard
